// !$*UTF8*$!
{
	archiveVersion = 1;
	classes = {
	};
	objectVersion = 46;
	objects = {

/* Begin PBXBuildFile section */
		5B76A54C1E6AD64400020167 /* AppDelegate.swift in Sources */ = {isa = PBXBuildFile; fileRef = 5B76A54B1E6AD64400020167 /* AppDelegate.swift */; };
		5B76A5511E6AD64400020167 /* Main.storyboard in Resources */ = {isa = PBXBuildFile; fileRef = 5B76A54F1E6AD64400020167 /* Main.storyboard */; };
		5B76A5531E6AD64400020167 /* Assets.xcassets in Resources */ = {isa = PBXBuildFile; fileRef = 5B76A5521E6AD64400020167 /* Assets.xcassets */; };
		5B76A5561E6AD64400020167 /* LaunchScreen.storyboard in Resources */ = {isa = PBXBuildFile; fileRef = 5B76A5541E6AD64400020167 /* LaunchScreen.storyboard */; };
		5B76A56C1E6AD64400020167 /* JLDishwasherUITests.swift in Sources */ = {isa = PBXBuildFile; fileRef = 5B76A56B1E6AD64400020167 /* JLDishwasherUITests.swift */; };
		5B76A5831E6AD90800020167 /* EndpointProvider.swift in Sources */ = {isa = PBXBuildFile; fileRef = 5B76A5821E6AD90800020167 /* EndpointProvider.swift */; };
		5B76A5861E6AD94100020167 /* EndpointProviderTests.swift in Sources */ = {isa = PBXBuildFile; fileRef = 5B76A5851E6AD94100020167 /* EndpointProviderTests.swift */; };
		5B76A58F1E6AE72D00020167 /* URLRequestFactory.swift in Sources */ = {isa = PBXBuildFile; fileRef = 5B76A58E1E6AE72D00020167 /* URLRequestFactory.swift */; };
		5B76A5921E6AE90A00020167 /* URLRequestFactoryTests.swift in Sources */ = {isa = PBXBuildFile; fileRef = 5B76A5911E6AE90A00020167 /* URLRequestFactoryTests.swift */; };
		5B76A5941E6AED3E00020167 /* APIProviding.swift in Sources */ = {isa = PBXBuildFile; fileRef = 5B76A5931E6AED3E00020167 /* APIProviding.swift */; };
		D940CD4C58517EFCCDBC2186 /* Pods_JLDishwasher.framework in Frameworks */ = {isa = PBXBuildFile; fileRef = 15DEE752EA622FD9B3533ED3 /* Pods_JLDishwasher.framework */; };
/* End PBXBuildFile section */

/* Begin PBXContainerItemProxy section */
		5B76A55D1E6AD64400020167 /* PBXContainerItemProxy */ = {
			isa = PBXContainerItemProxy;
			containerPortal = 5B76A5401E6AD64400020167 /* Project object */;
			proxyType = 1;
			remoteGlobalIDString = 5B76A5471E6AD64400020167;
			remoteInfo = JLDishwasher;
		};
		5B76A5681E6AD64400020167 /* PBXContainerItemProxy */ = {
			isa = PBXContainerItemProxy;
			containerPortal = 5B76A5401E6AD64400020167 /* Project object */;
			proxyType = 1;
			remoteGlobalIDString = 5B76A5471E6AD64400020167;
			remoteInfo = JLDishwasher;
		};
/* End PBXContainerItemProxy section */

/* Begin PBXFileReference section */
		15DEE752EA622FD9B3533ED3 /* Pods_JLDishwasher.framework */ = {isa = PBXFileReference; explicitFileType = wrapper.framework; includeInIndex = 0; path = Pods_JLDishwasher.framework; sourceTree = BUILT_PRODUCTS_DIR; };
		22DE08994FC041C1C216EB08 /* Pods-JLDishwasher.debug.xcconfig */ = {isa = PBXFileReference; includeInIndex = 1; lastKnownFileType = text.xcconfig; name = "Pods-JLDishwasher.debug.xcconfig"; path = "Pods/Target Support Files/Pods-JLDishwasher/Pods-JLDishwasher.debug.xcconfig"; sourceTree = "<group>"; };
		5B76A5481E6AD64400020167 /* JLDishwasher.app */ = {isa = PBXFileReference; explicitFileType = wrapper.application; includeInIndex = 0; path = JLDishwasher.app; sourceTree = BUILT_PRODUCTS_DIR; };
		5B76A54B1E6AD64400020167 /* AppDelegate.swift */ = {isa = PBXFileReference; lastKnownFileType = sourcecode.swift; path = AppDelegate.swift; sourceTree = "<group>"; };
		5B76A5501E6AD64400020167 /* Base */ = {isa = PBXFileReference; lastKnownFileType = file.storyboard; name = Base; path = Base.lproj/Main.storyboard; sourceTree = "<group>"; };
		5B76A5521E6AD64400020167 /* Assets.xcassets */ = {isa = PBXFileReference; lastKnownFileType = folder.assetcatalog; path = Assets.xcassets; sourceTree = "<group>"; };
		5B76A5551E6AD64400020167 /* Base */ = {isa = PBXFileReference; lastKnownFileType = file.storyboard; name = Base; path = Base.lproj/LaunchScreen.storyboard; sourceTree = "<group>"; };
		5B76A5571E6AD64400020167 /* Info.plist */ = {isa = PBXFileReference; lastKnownFileType = text.plist.xml; path = Info.plist; sourceTree = "<group>"; };
		5B76A55C1E6AD64400020167 /* JLDishwasherTests.xctest */ = {isa = PBXFileReference; explicitFileType = wrapper.cfbundle; includeInIndex = 0; path = JLDishwasherTests.xctest; sourceTree = BUILT_PRODUCTS_DIR; };
		5B76A5621E6AD64400020167 /* Info.plist */ = {isa = PBXFileReference; lastKnownFileType = text.plist.xml; path = Info.plist; sourceTree = "<group>"; };
		5B76A5671E6AD64400020167 /* JLDishwasherUITests.xctest */ = {isa = PBXFileReference; explicitFileType = wrapper.cfbundle; includeInIndex = 0; path = JLDishwasherUITests.xctest; sourceTree = BUILT_PRODUCTS_DIR; };
		5B76A56B1E6AD64400020167 /* JLDishwasherUITests.swift */ = {isa = PBXFileReference; lastKnownFileType = sourcecode.swift; path = JLDishwasherUITests.swift; sourceTree = "<group>"; };
		5B76A56D1E6AD64400020167 /* Info.plist */ = {isa = PBXFileReference; lastKnownFileType = text.plist.xml; path = Info.plist; sourceTree = "<group>"; };
		5B76A5821E6AD90800020167 /* EndpointProvider.swift */ = {isa = PBXFileReference; fileEncoding = 4; lastKnownFileType = sourcecode.swift; path = EndpointProvider.swift; sourceTree = "<group>"; };
		5B76A5851E6AD94100020167 /* EndpointProviderTests.swift */ = {isa = PBXFileReference; fileEncoding = 4; lastKnownFileType = sourcecode.swift; path = EndpointProviderTests.swift; sourceTree = "<group>"; };
		5B76A58E1E6AE72D00020167 /* URLRequestFactory.swift */ = {isa = PBXFileReference; fileEncoding = 4; lastKnownFileType = sourcecode.swift; path = URLRequestFactory.swift; sourceTree = "<group>"; };
		5B76A5911E6AE90A00020167 /* URLRequestFactoryTests.swift */ = {isa = PBXFileReference; fileEncoding = 4; lastKnownFileType = sourcecode.swift; path = URLRequestFactoryTests.swift; sourceTree = "<group>"; };
		5B76A5931E6AED3E00020167 /* APIProviding.swift */ = {isa = PBXFileReference; fileEncoding = 4; lastKnownFileType = sourcecode.swift; path = APIProviding.swift; sourceTree = "<group>"; };
		851CAB1A7E1609173875212B /* Pods-JLDishwasher.release.xcconfig */ = {isa = PBXFileReference; includeInIndex = 1; lastKnownFileType = text.xcconfig; name = "Pods-JLDishwasher.release.xcconfig"; path = "Pods/Target Support Files/Pods-JLDishwasher/Pods-JLDishwasher.release.xcconfig"; sourceTree = "<group>"; };
/* End PBXFileReference section */

/* Begin PBXFrameworksBuildPhase section */
		5B76A5451E6AD64400020167 /* Frameworks */ = {
			isa = PBXFrameworksBuildPhase;
			buildActionMask = 2147483647;
			files = (
				D940CD4C58517EFCCDBC2186 /* Pods_JLDishwasher.framework in Frameworks */,
			);
			runOnlyForDeploymentPostprocessing = 0;
		};
		5B76A5591E6AD64400020167 /* Frameworks */ = {
			isa = PBXFrameworksBuildPhase;
			buildActionMask = 2147483647;
			files = (
			);
			runOnlyForDeploymentPostprocessing = 0;
		};
		5B76A5641E6AD64400020167 /* Frameworks */ = {
			isa = PBXFrameworksBuildPhase;
			buildActionMask = 2147483647;
			files = (
			);
			runOnlyForDeploymentPostprocessing = 0;
		};
/* End PBXFrameworksBuildPhase section */

/* Begin PBXGroup section */
		12270377A8E225C5DE90285F /* Pods */ = {
			isa = PBXGroup;
			children = (
				22DE08994FC041C1C216EB08 /* Pods-JLDishwasher.debug.xcconfig */,
				851CAB1A7E1609173875212B /* Pods-JLDishwasher.release.xcconfig */,
			);
			name = Pods;
			sourceTree = "<group>";
		};
		5B76A53F1E6AD64400020167 = {
			isa = PBXGroup;
			children = (
				5B76A54A1E6AD64400020167 /* JLDishwasher */,
				5B76A55F1E6AD64400020167 /* JLDishwasherTests */,
				5B76A56A1E6AD64400020167 /* JLDishwasherUITests */,
				5B76A5491E6AD64400020167 /* Products */,
				12270377A8E225C5DE90285F /* Pods */,
				C1C6C904DA22200427BCB41D /* Frameworks */,
			);
			sourceTree = "<group>";
		};
		5B76A5491E6AD64400020167 /* Products */ = {
			isa = PBXGroup;
			children = (
				5B76A5481E6AD64400020167 /* JLDishwasher.app */,
				5B76A55C1E6AD64400020167 /* JLDishwasherTests.xctest */,
				5B76A5671E6AD64400020167 /* JLDishwasherUITests.xctest */,
			);
			name = Products;
			sourceTree = "<group>";
		};
		5B76A54A1E6AD64400020167 /* JLDishwasher */ = {
			isa = PBXGroup;
			children = (
				5B76A57D1E6AD6AB00020167 /* App Delegate */,
				5B76A5811E6AD8C500020167 /* Services */,
				5B76A5791E6AD67B00020167 /* Resources */,
				5B76A57C1E6AD69500020167 /* Supporting Files */,
			);
			path = JLDishwasher;
			sourceTree = "<group>";
		};
		5B76A55F1E6AD64400020167 /* JLDishwasherTests */ = {
			isa = PBXGroup;
			children = (
				5B76A5901E6AE8F600020167 /* URL Request Factory */,
				5B76A5841E6AD92100020167 /* APIConfiguration */,
				5B76A5871E6AE21500020167 /* Supporting Files */,
			);
			path = JLDishwasherTests;
			sourceTree = "<group>";
		};
		5B76A56A1E6AD64400020167 /* JLDishwasherUITests */ = {
			isa = PBXGroup;
			children = (
				5B76A56B1E6AD64400020167 /* JLDishwasherUITests.swift */,
				5B76A56D1E6AD64400020167 /* Info.plist */,
			);
			path = JLDishwasherUITests;
			sourceTree = "<group>";
		};
		5B76A5791E6AD67B00020167 /* Resources */ = {
			isa = PBXGroup;
			children = (
				5B76A57B1E6AD68700020167 /* Storyboards */,
				5B76A57A1E6AD68100020167 /* Assets */,
			);
			name = Resources;
			sourceTree = "<group>";
		};
		5B76A57A1E6AD68100020167 /* Assets */ = {
			isa = PBXGroup;
			children = (
				5B76A5521E6AD64400020167 /* Assets.xcassets */,
			);
			name = Assets;
			sourceTree = "<group>";
		};
		5B76A57B1E6AD68700020167 /* Storyboards */ = {
			isa = PBXGroup;
			children = (
				5B76A5541E6AD64400020167 /* LaunchScreen.storyboard */,
				5B76A54F1E6AD64400020167 /* Main.storyboard */,
			);
			name = Storyboards;
			sourceTree = "<group>";
		};
		5B76A57C1E6AD69500020167 /* Supporting Files */ = {
			isa = PBXGroup;
			children = (
				5B76A5571E6AD64400020167 /* Info.plist */,
			);
			name = "Supporting Files";
			sourceTree = "<group>";
		};
		5B76A57D1E6AD6AB00020167 /* App Delegate */ = {
			isa = PBXGroup;
			children = (
				5B76A54B1E6AD64400020167 /* AppDelegate.swift */,
			);
			name = "App Delegate";
			sourceTree = "<group>";
		};
		5B76A5811E6AD8C500020167 /* Services */ = {
			isa = PBXGroup;
			children = (
				5B76A58D1E6AE71200020167 /* URL Request Factory */,
				5B76A5881E6AE2AF00020167 /* API Configuration */,
			);
			name = Services;
			sourceTree = "<group>";
		};
		5B76A5841E6AD92100020167 /* APIConfiguration */ = {
			isa = PBXGroup;
			children = (
				5B76A5851E6AD94100020167 /* EndpointProviderTests.swift */,
			);
			name = APIConfiguration;
			sourceTree = "<group>";
		};
		5B76A5871E6AE21500020167 /* Supporting Files */ = {
			isa = PBXGroup;
			children = (
				5B76A5621E6AD64400020167 /* Info.plist */,
			);
			name = "Supporting Files";
			sourceTree = "<group>";
		};
		5B76A5881E6AE2AF00020167 /* API Configuration */ = {
			isa = PBXGroup;
			children = (
				5B76A5931E6AED3E00020167 /* APIProviding.swift */,
				5B76A5821E6AD90800020167 /* EndpointProvider.swift */,
			);
			name = "API Configuration";
			sourceTree = "<group>";
		};
		5B76A58D1E6AE71200020167 /* URL Request Factory */ = {
			isa = PBXGroup;
			children = (
				5B76A58E1E6AE72D00020167 /* URLRequestFactory.swift */,
			);
			name = "URL Request Factory";
			sourceTree = "<group>";
		};
		5B76A5901E6AE8F600020167 /* URL Request Factory */ = {
			isa = PBXGroup;
			children = (
				5B76A5911E6AE90A00020167 /* URLRequestFactoryTests.swift */,
			);
			name = "URL Request Factory";
			sourceTree = "<group>";
		};
		C1C6C904DA22200427BCB41D /* Frameworks */ = {
			isa = PBXGroup;
			children = (
				15DEE752EA622FD9B3533ED3 /* Pods_JLDishwasher.framework */,
			);
			name = Frameworks;
			sourceTree = "<group>";
		};
/* End PBXGroup section */

/* Begin PBXNativeTarget section */
		5B76A5471E6AD64400020167 /* JLDishwasher */ = {
			isa = PBXNativeTarget;
			buildConfigurationList = 5B76A5701E6AD64400020167 /* Build configuration list for PBXNativeTarget "JLDishwasher" */;
			buildPhases = (
				D8EEB9CEBD6E6A7D9A5225A9 /* [CP] Check Pods Manifest.lock */,
				5B76A5441E6AD64400020167 /* Sources */,
				5B76A5451E6AD64400020167 /* Frameworks */,
				5B76A5461E6AD64400020167 /* Resources */,
				B7BC9E81EDC7150F7E54CDC6 /* [CP] Embed Pods Frameworks */,
				DF84D6198BA581DBA983A68A /* [CP] Copy Pods Resources */,
			);
			buildRules = (
			);
			dependencies = (
			);
			name = JLDishwasher;
			productName = JLDishwasher;
			productReference = 5B76A5481E6AD64400020167 /* JLDishwasher.app */;
			productType = "com.apple.product-type.application";
		};
		5B76A55B1E6AD64400020167 /* JLDishwasherTests */ = {
			isa = PBXNativeTarget;
			buildConfigurationList = 5B76A5731E6AD64400020167 /* Build configuration list for PBXNativeTarget "JLDishwasherTests" */;
			buildPhases = (
				5B76A5581E6AD64400020167 /* Sources */,
				5B76A5591E6AD64400020167 /* Frameworks */,
				5B76A55A1E6AD64400020167 /* Resources */,
			);
			buildRules = (
			);
			dependencies = (
				5B76A55E1E6AD64400020167 /* PBXTargetDependency */,
			);
			name = JLDishwasherTests;
			productName = JLDishwasherTests;
			productReference = 5B76A55C1E6AD64400020167 /* JLDishwasherTests.xctest */;
			productType = "com.apple.product-type.bundle.unit-test";
		};
		5B76A5661E6AD64400020167 /* JLDishwasherUITests */ = {
			isa = PBXNativeTarget;
			buildConfigurationList = 5B76A5761E6AD64400020167 /* Build configuration list for PBXNativeTarget "JLDishwasherUITests" */;
			buildPhases = (
				5B76A5631E6AD64400020167 /* Sources */,
				5B76A5641E6AD64400020167 /* Frameworks */,
				5B76A5651E6AD64400020167 /* Resources */,
			);
			buildRules = (
			);
			dependencies = (
				5B76A5691E6AD64400020167 /* PBXTargetDependency */,
			);
			name = JLDishwasherUITests;
			productName = JLDishwasherUITests;
			productReference = 5B76A5671E6AD64400020167 /* JLDishwasherUITests.xctest */;
			productType = "com.apple.product-type.bundle.ui-testing";
		};
/* End PBXNativeTarget section */

/* Begin PBXProject section */
		5B76A5401E6AD64400020167 /* Project object */ = {
			isa = PBXProject;
			attributes = {
				LastSwiftUpdateCheck = 0820;
				LastUpgradeCheck = 0820;
				ORGANIZATIONNAME = "Appwise Ltd";
				TargetAttributes = {
					5B76A5471E6AD64400020167 = {
						CreatedOnToolsVersion = 8.2.1;
						DevelopmentTeam = VBVXK2592F;
						ProvisioningStyle = Automatic;
					};
					5B76A55B1E6AD64400020167 = {
						CreatedOnToolsVersion = 8.2.1;
						DevelopmentTeam = VBVXK2592F;
						LastSwiftMigration = 0820;
						ProvisioningStyle = Automatic;
						TestTargetID = 5B76A5471E6AD64400020167;
					};
					5B76A5661E6AD64400020167 = {
						CreatedOnToolsVersion = 8.2.1;
						DevelopmentTeam = VBVXK2592F;
						ProvisioningStyle = Automatic;
						TestTargetID = 5B76A5471E6AD64400020167;
					};
				};
			};
			buildConfigurationList = 5B76A5431E6AD64400020167 /* Build configuration list for PBXProject "JLDishwasher" */;
			compatibilityVersion = "Xcode 3.2";
			developmentRegion = English;
			hasScannedForEncodings = 0;
			knownRegions = (
				en,
				Base,
			);
			mainGroup = 5B76A53F1E6AD64400020167;
			productRefGroup = 5B76A5491E6AD64400020167 /* Products */;
			projectDirPath = "";
			projectRoot = "";
			targets = (
				5B76A5471E6AD64400020167 /* JLDishwasher */,
				5B76A55B1E6AD64400020167 /* JLDishwasherTests */,
				5B76A5661E6AD64400020167 /* JLDishwasherUITests */,
			);
		};
/* End PBXProject section */

/* Begin PBXResourcesBuildPhase section */
		5B76A5461E6AD64400020167 /* Resources */ = {
			isa = PBXResourcesBuildPhase;
			buildActionMask = 2147483647;
			files = (
				5B76A5561E6AD64400020167 /* LaunchScreen.storyboard in Resources */,
				5B76A5531E6AD64400020167 /* Assets.xcassets in Resources */,
				5B76A5511E6AD64400020167 /* Main.storyboard in Resources */,
			);
			runOnlyForDeploymentPostprocessing = 0;
		};
		5B76A55A1E6AD64400020167 /* Resources */ = {
			isa = PBXResourcesBuildPhase;
			buildActionMask = 2147483647;
			files = (
			);
			runOnlyForDeploymentPostprocessing = 0;
		};
		5B76A5651E6AD64400020167 /* Resources */ = {
			isa = PBXResourcesBuildPhase;
			buildActionMask = 2147483647;
			files = (
			);
			runOnlyForDeploymentPostprocessing = 0;
		};
/* End PBXResourcesBuildPhase section */

/* Begin PBXShellScriptBuildPhase section */
		B7BC9E81EDC7150F7E54CDC6 /* [CP] Embed Pods Frameworks */ = {
			isa = PBXShellScriptBuildPhase;
			buildActionMask = 2147483647;
			files = (
			);
			inputPaths = (
			);
			name = "[CP] Embed Pods Frameworks";
			outputPaths = (
			);
			runOnlyForDeploymentPostprocessing = 0;
			shellPath = /bin/sh;
			shellScript = "\"${SRCROOT}/Pods/Target Support Files/Pods-JLDishwasher/Pods-JLDishwasher-frameworks.sh\"\n";
			showEnvVarsInLog = 0;
		};
		D8EEB9CEBD6E6A7D9A5225A9 /* [CP] Check Pods Manifest.lock */ = {
			isa = PBXShellScriptBuildPhase;
			buildActionMask = 2147483647;
			files = (
			);
			inputPaths = (
			);
			name = "[CP] Check Pods Manifest.lock";
			outputPaths = (
			);
			runOnlyForDeploymentPostprocessing = 0;
			shellPath = /bin/sh;
			shellScript = "diff \"${PODS_ROOT}/../Podfile.lock\" \"${PODS_ROOT}/Manifest.lock\" > /dev/null\nif [ $? != 0 ] ; then\n    # print error to STDERR\n    echo \"error: The sandbox is not in sync with the Podfile.lock. Run 'pod install' or update your CocoaPods installation.\" >&2\n    exit 1\nfi\n";
			showEnvVarsInLog = 0;
		};
		DF84D6198BA581DBA983A68A /* [CP] Copy Pods Resources */ = {
			isa = PBXShellScriptBuildPhase;
			buildActionMask = 2147483647;
			files = (
			);
			inputPaths = (
			);
			name = "[CP] Copy Pods Resources";
			outputPaths = (
			);
			runOnlyForDeploymentPostprocessing = 0;
			shellPath = /bin/sh;
			shellScript = "\"${SRCROOT}/Pods/Target Support Files/Pods-JLDishwasher/Pods-JLDishwasher-resources.sh\"\n";
			showEnvVarsInLog = 0;
		};
/* End PBXShellScriptBuildPhase section */

/* Begin PBXSourcesBuildPhase section */
		5B76A5441E6AD64400020167 /* Sources */ = {
			isa = PBXSourcesBuildPhase;
			buildActionMask = 2147483647;
			files = (
				5B76A54C1E6AD64400020167 /* AppDelegate.swift in Sources */,
				5B76A5941E6AED3E00020167 /* APIProviding.swift in Sources */,
				5B76A58F1E6AE72D00020167 /* URLRequestFactory.swift in Sources */,
				5B76A5831E6AD90800020167 /* EndpointProvider.swift in Sources */,
			);
			runOnlyForDeploymentPostprocessing = 0;
		};
		5B76A5581E6AD64400020167 /* Sources */ = {
			isa = PBXSourcesBuildPhase;
			buildActionMask = 2147483647;
			files = (
				5B76A5921E6AE90A00020167 /* URLRequestFactoryTests.swift in Sources */,
				5B76A5861E6AD94100020167 /* EndpointProviderTests.swift in Sources */,
			);
			runOnlyForDeploymentPostprocessing = 0;
		};
		5B76A5631E6AD64400020167 /* Sources */ = {
			isa = PBXSourcesBuildPhase;
			buildActionMask = 2147483647;
			files = (
				5B76A56C1E6AD64400020167 /* JLDishwasherUITests.swift in Sources */,
			);
			runOnlyForDeploymentPostprocessing = 0;
		};
/* End PBXSourcesBuildPhase section */

/* Begin PBXTargetDependency section */
		5B76A55E1E6AD64400020167 /* PBXTargetDependency */ = {
			isa = PBXTargetDependency;
			target = 5B76A5471E6AD64400020167 /* JLDishwasher */;
			targetProxy = 5B76A55D1E6AD64400020167 /* PBXContainerItemProxy */;
		};
		5B76A5691E6AD64400020167 /* PBXTargetDependency */ = {
			isa = PBXTargetDependency;
			target = 5B76A5471E6AD64400020167 /* JLDishwasher */;
			targetProxy = 5B76A5681E6AD64400020167 /* PBXContainerItemProxy */;
		};
/* End PBXTargetDependency section */

/* Begin PBXVariantGroup section */
		5B76A54F1E6AD64400020167 /* Main.storyboard */ = {
			isa = PBXVariantGroup;
			children = (
				5B76A5501E6AD64400020167 /* Base */,
			);
			name = Main.storyboard;
			sourceTree = "<group>";
		};
		5B76A5541E6AD64400020167 /* LaunchScreen.storyboard */ = {
			isa = PBXVariantGroup;
			children = (
				5B76A5551E6AD64400020167 /* Base */,
			);
			name = LaunchScreen.storyboard;
			sourceTree = "<group>";
		};
/* End PBXVariantGroup section */

/* Begin XCBuildConfiguration section */
		5B76A56E1E6AD64400020167 /* Debug */ = {
			isa = XCBuildConfiguration;
			buildSettings = {
				ALWAYS_SEARCH_USER_PATHS = NO;
				CLANG_ANALYZER_NONNULL = YES;
				CLANG_CXX_LANGUAGE_STANDARD = "gnu++0x";
				CLANG_CXX_LIBRARY = "libc++";
				CLANG_ENABLE_MODULES = YES;
				CLANG_ENABLE_OBJC_ARC = YES;
				CLANG_WARN_BOOL_CONVERSION = YES;
				CLANG_WARN_CONSTANT_CONVERSION = YES;
				CLANG_WARN_DIRECT_OBJC_ISA_USAGE = YES_ERROR;
				CLANG_WARN_DOCUMENTATION_COMMENTS = YES;
				CLANG_WARN_EMPTY_BODY = YES;
				CLANG_WARN_ENUM_CONVERSION = YES;
				CLANG_WARN_INFINITE_RECURSION = YES;
				CLANG_WARN_INT_CONVERSION = YES;
				CLANG_WARN_OBJC_ROOT_CLASS = YES_ERROR;
				CLANG_WARN_SUSPICIOUS_MOVE = YES;
				CLANG_WARN_UNREACHABLE_CODE = YES;
				CLANG_WARN__DUPLICATE_METHOD_MATCH = YES;
				"CODE_SIGN_IDENTITY[sdk=iphoneos*]" = "iPhone Developer";
				COPY_PHASE_STRIP = NO;
				DEBUG_INFORMATION_FORMAT = dwarf;
				ENABLE_STRICT_OBJC_MSGSEND = YES;
				ENABLE_TESTABILITY = YES;
				GCC_C_LANGUAGE_STANDARD = gnu99;
				GCC_DYNAMIC_NO_PIC = NO;
				GCC_NO_COMMON_BLOCKS = YES;
				GCC_OPTIMIZATION_LEVEL = 0;
				GCC_PREPROCESSOR_DEFINITIONS = (
					"DEBUG=1",
					"$(inherited)",
				);
				GCC_WARN_64_TO_32_BIT_CONVERSION = YES;
				GCC_WARN_ABOUT_RETURN_TYPE = YES_ERROR;
				GCC_WARN_UNDECLARED_SELECTOR = YES;
				GCC_WARN_UNINITIALIZED_AUTOS = YES_AGGRESSIVE;
				GCC_WARN_UNUSED_FUNCTION = YES;
				GCC_WARN_UNUSED_VARIABLE = YES;
				IPHONEOS_DEPLOYMENT_TARGET = 10.2;
				MTL_ENABLE_DEBUG_INFO = YES;
				ONLY_ACTIVE_ARCH = YES;
				SDKROOT = iphoneos;
				SWIFT_ACTIVE_COMPILATION_CONDITIONS = DEBUG;
				SWIFT_OPTIMIZATION_LEVEL = "-Onone";
				TARGETED_DEVICE_FAMILY = 2;
			};
			name = Debug;
		};
		5B76A56F1E6AD64400020167 /* Release */ = {
			isa = XCBuildConfiguration;
			buildSettings = {
				ALWAYS_SEARCH_USER_PATHS = NO;
				CLANG_ANALYZER_NONNULL = YES;
				CLANG_CXX_LANGUAGE_STANDARD = "gnu++0x";
				CLANG_CXX_LIBRARY = "libc++";
				CLANG_ENABLE_MODULES = YES;
				CLANG_ENABLE_OBJC_ARC = YES;
				CLANG_WARN_BOOL_CONVERSION = YES;
				CLANG_WARN_CONSTANT_CONVERSION = YES;
				CLANG_WARN_DIRECT_OBJC_ISA_USAGE = YES_ERROR;
				CLANG_WARN_DOCUMENTATION_COMMENTS = YES;
				CLANG_WARN_EMPTY_BODY = YES;
				CLANG_WARN_ENUM_CONVERSION = YES;
				CLANG_WARN_INFINITE_RECURSION = YES;
				CLANG_WARN_INT_CONVERSION = YES;
				CLANG_WARN_OBJC_ROOT_CLASS = YES_ERROR;
				CLANG_WARN_SUSPICIOUS_MOVE = YES;
				CLANG_WARN_UNREACHABLE_CODE = YES;
				CLANG_WARN__DUPLICATE_METHOD_MATCH = YES;
				"CODE_SIGN_IDENTITY[sdk=iphoneos*]" = "iPhone Developer";
				COPY_PHASE_STRIP = NO;
				DEBUG_INFORMATION_FORMAT = "dwarf-with-dsym";
				ENABLE_NS_ASSERTIONS = NO;
				ENABLE_STRICT_OBJC_MSGSEND = YES;
				GCC_C_LANGUAGE_STANDARD = gnu99;
				GCC_NO_COMMON_BLOCKS = YES;
				GCC_WARN_64_TO_32_BIT_CONVERSION = YES;
				GCC_WARN_ABOUT_RETURN_TYPE = YES_ERROR;
				GCC_WARN_UNDECLARED_SELECTOR = YES;
				GCC_WARN_UNINITIALIZED_AUTOS = YES_AGGRESSIVE;
				GCC_WARN_UNUSED_FUNCTION = YES;
				GCC_WARN_UNUSED_VARIABLE = YES;
				IPHONEOS_DEPLOYMENT_TARGET = 10.2;
				MTL_ENABLE_DEBUG_INFO = NO;
				SDKROOT = iphoneos;
				SWIFT_OPTIMIZATION_LEVEL = "-Owholemodule";
				TARGETED_DEVICE_FAMILY = 2;
				VALIDATE_PRODUCT = YES;
			};
			name = Release;
		};
		5B76A5711E6AD64400020167 /* Debug */ = {
			isa = XCBuildConfiguration;
			baseConfigurationReference = 22DE08994FC041C1C216EB08 /* Pods-JLDishwasher.debug.xcconfig */;
			buildSettings = {
				ASSETCATALOG_COMPILER_APPICON_NAME = AppIcon;
				DEVELOPMENT_TEAM = VBVXK2592F;
				INFOPLIST_FILE = JLDishwasher/Info.plist;
				LD_RUNPATH_SEARCH_PATHS = "$(inherited) @executable_path/Frameworks";
				PRODUCT_BUNDLE_IDENTIFIER = uk.co.appwise.JLDishwasher;
				PRODUCT_NAME = "$(TARGET_NAME)";
				SWIFT_VERSION = 3.0;
			};
			name = Debug;
		};
		5B76A5721E6AD64400020167 /* Release */ = {
			isa = XCBuildConfiguration;
			baseConfigurationReference = 851CAB1A7E1609173875212B /* Pods-JLDishwasher.release.xcconfig */;
			buildSettings = {
				ASSETCATALOG_COMPILER_APPICON_NAME = AppIcon;
				DEVELOPMENT_TEAM = VBVXK2592F;
				INFOPLIST_FILE = JLDishwasher/Info.plist;
				LD_RUNPATH_SEARCH_PATHS = "$(inherited) @executable_path/Frameworks";
				PRODUCT_BUNDLE_IDENTIFIER = uk.co.appwise.JLDishwasher;
				PRODUCT_NAME = "$(TARGET_NAME)";
				SWIFT_VERSION = 3.0;
			};
			name = Release;
		};
		5B76A5741E6AD64400020167 /* Debug */ = {
			isa = XCBuildConfiguration;
			buildSettings = {
				ALWAYS_EMBED_SWIFT_STANDARD_LIBRARIES = YES;
				BUNDLE_LOADER = "$(TEST_HOST)";
				CLANG_ENABLE_MODULES = YES;
				DEVELOPMENT_TEAM = VBVXK2592F;
				INFOPLIST_FILE = JLDishwasherTests/Info.plist;
				LD_RUNPATH_SEARCH_PATHS = "$(inherited) @executable_path/Frameworks @loader_path/Frameworks";
				PRODUCT_BUNDLE_IDENTIFIER = uk.co.appwise.JLDishwasherTests;
				PRODUCT_NAME = "$(TARGET_NAME)";
				SWIFT_OPTIMIZATION_LEVEL = "-Onone";
				SWIFT_VERSION = 3.0;
				TEST_HOST = "$(BUILT_PRODUCTS_DIR)/JLDishwasher.app/JLDishwasher";
			};
			name = Debug;
		};
		5B76A5751E6AD64400020167 /* Release */ = {
			isa = XCBuildConfiguration;
			buildSettings = {
				ALWAYS_EMBED_SWIFT_STANDARD_LIBRARIES = YES;
				BUNDLE_LOADER = "$(TEST_HOST)";
				CLANG_ENABLE_MODULES = YES;
				DEVELOPMENT_TEAM = VBVXK2592F;
				INFOPLIST_FILE = JLDishwasherTests/Info.plist;
				LD_RUNPATH_SEARCH_PATHS = "$(inherited) @executable_path/Frameworks @loader_path/Frameworks";
				PRODUCT_BUNDLE_IDENTIFIER = uk.co.appwise.JLDishwasherTests;
				PRODUCT_NAME = "$(TARGET_NAME)";
				SWIFT_VERSION = 3.0;
				TEST_HOST = "$(BUILT_PRODUCTS_DIR)/JLDishwasher.app/JLDishwasher";
			};
			name = Release;
		};
		5B76A5771E6AD64400020167 /* Debug */ = {
			isa = XCBuildConfiguration;
			buildSettings = {
				ALWAYS_EMBED_SWIFT_STANDARD_LIBRARIES = YES;
				DEVELOPMENT_TEAM = VBVXK2592F;
				INFOPLIST_FILE = JLDishwasherUITests/Info.plist;
				LD_RUNPATH_SEARCH_PATHS = "$(inherited) @executable_path/Frameworks @loader_path/Frameworks";
				PRODUCT_BUNDLE_IDENTIFIER = uk.co.appwise.JLDishwasherUITests;
				PRODUCT_NAME = "$(TARGET_NAME)";
				SWIFT_VERSION = 3.0;
				TEST_TARGET_NAME = JLDishwasher;
			};
			name = Debug;
		};
		5B76A5781E6AD64400020167 /* Release */ = {
			isa = XCBuildConfiguration;
			buildSettings = {
				ALWAYS_EMBED_SWIFT_STANDARD_LIBRARIES = YES;
				DEVELOPMENT_TEAM = VBVXK2592F;
				INFOPLIST_FILE = JLDishwasherUITests/Info.plist;
				LD_RUNPATH_SEARCH_PATHS = "$(inherited) @executable_path/Frameworks @loader_path/Frameworks";
				PRODUCT_BUNDLE_IDENTIFIER = uk.co.appwise.JLDishwasherUITests;
				PRODUCT_NAME = "$(TARGET_NAME)";
				SWIFT_VERSION = 3.0;
				TEST_TARGET_NAME = JLDishwasher;
			};
			name = Release;
		};
/* End XCBuildConfiguration section */

/* Begin XCConfigurationList section */
		5B76A5431E6AD64400020167 /* Build configuration list for PBXProject "JLDishwasher" */ = {
			isa = XCConfigurationList;
			buildConfigurations = (
				5B76A56E1E6AD64400020167 /* Debug */,
				5B76A56F1E6AD64400020167 /* Release */,
			);
			defaultConfigurationIsVisible = 0;
			defaultConfigurationName = Release;
		};
		5B76A5701E6AD64400020167 /* Build configuration list for PBXNativeTarget "JLDishwasher" */ = {
			isa = XCConfigurationList;
			buildConfigurations = (
				5B76A5711E6AD64400020167 /* Debug */,
				5B76A5721E6AD64400020167 /* Release */,
			);
			defaultConfigurationIsVisible = 0;
			defaultConfigurationName = Release;
		};
		5B76A5731E6AD64400020167 /* Build configuration list for PBXNativeTarget "JLDishwasherTests" */ = {
			isa = XCConfigurationList;
			buildConfigurations = (
				5B76A5741E6AD64400020167 /* Debug */,
				5B76A5751E6AD64400020167 /* Release */,
			);
			defaultConfigurationIsVisible = 0;
			defaultConfigurationName = Release;
		};
		5B76A5761E6AD64400020167 /* Build configuration list for PBXNativeTarget "JLDishwasherUITests" */ = {
			isa = XCConfigurationList;
			buildConfigurations = (
				5B76A5771E6AD64400020167 /* Debug */,
				5B76A5781E6AD64400020167 /* Release */,
			);
			defaultConfigurationIsVisible = 0;
			defaultConfigurationName = Release;
		};
/* End XCConfigurationList section */
	};
	rootObject = 5B76A5401E6AD64400020167 /* Project object */;
}
